
Microsoft Visual Studio Solution File, Format Version 12.00
# Visual Studio Version 17
VisualStudioVersion = 17.5.2.0
MinimumVisualStudioVersion = 10.0.40219.1
Project("{FAE04EC0-301F-11D3-BF4B-00C04F79EFBC}") = "SecureChat", "SecureChat\SecureChat.csproj", "{7D91189A-CC0C-3BA9-BEA8-6E672F36ACDD}"
EndProject
Project("{FAE04EC0-301F-11D3-BF4B-00C04F79EFBC}") = "ChatClient", "ChatClient\ChatClient.csproj", "{8F591407-1145-41AC-8070-C09FF9DB5D9C}"
EndProject
Global
	GlobalSection(SolutionConfigurationPlatforms) = preSolution
		Debug|Any CPU = Debug|Any CPU
		Debug|x64 = Debug|x64
		Debug|x86 = Debug|x86
		Release|Any CPU = Release|Any CPU
		Release|x64 = Release|x64
		Release|x86 = Release|x86
	EndGlobalSection
	GlobalSection(ProjectConfigurationPlatforms) = postSolution
		{7D91189A-CC0C-3BA9-BEA8-6E672F36ACDD}.Debug|Any CPU.ActiveCfg = Debug|Any CPU
		{7D91189A-CC0C-3BA9-BEA8-6E672F36ACDD}.Debug|Any CPU.Build.0 = Debug|Any CPU
		{7D91189A-CC0C-3BA9-BEA8-6E672F36ACDD}.Debug|x64.ActiveCfg = Debug|Any CPU
		{7D91189A-CC0C-3BA9-BEA8-6E672F36ACDD}.Debug|x64.Build.0 = Debug|Any CPU
		{7D91189A-CC0C-3BA9-BEA8-6E672F36ACDD}.Debug|x86.ActiveCfg = Debug|Any CPU
		{7D91189A-CC0C-3BA9-BEA8-6E672F36ACDD}.Debug|x86.Build.0 = Debug|Any CPU
		{7D91189A-CC0C-3BA9-BEA8-6E672F36ACDD}.Release|Any CPU.ActiveCfg = Release|Any CPU
		{7D91189A-CC0C-3BA9-BEA8-6E672F36ACDD}.Release|Any CPU.Build.0 = Release|Any CPU
		{7D91189A-CC0C-3BA9-BEA8-6E672F36ACDD}.Release|x64.ActiveCfg = Release|Any CPU
		{7D91189A-CC0C-3BA9-BEA8-6E672F36ACDD}.Release|x64.Build.0 = Release|Any CPU
		{7D91189A-CC0C-3BA9-BEA8-6E672F36ACDD}.Release|x86.ActiveCfg = Release|Any CPU
		{7D91189A-CC0C-3BA9-BEA8-6E672F36ACDD}.Release|x86.Build.0 = Release|Any CPU
		{8F591407-1145-41AC-8070-C09FF9DB5D9C}.Debug|Any CPU.ActiveCfg = Debug|Any CPU
		{8F591407-1145-41AC-8070-C09FF9DB5D9C}.Debug|Any CPU.Build.0 = Debug|Any CPU
		{8F591407-1145-41AC-8070-C09FF9DB5D9C}.Debug|x64.ActiveCfg = Debug|Any CPU
		{8F591407-1145-41AC-8070-C09FF9DB5D9C}.Debug|x64.Build.0 = Debug|Any CPU
		{8F591407-1145-41AC-8070-C09FF9DB5D9C}.Debug|x86.ActiveCfg = Debug|Any CPU
		{8F591407-1145-41AC-8070-C09FF9DB5D9C}.Debug|x86.Build.0 = Debug|Any CPU
		{8F591407-1145-41AC-8070-C09FF9DB5D9C}.Release|Any CPU.ActiveCfg = Release|Any CPU
		{8F591407-1145-41AC-8070-C09FF9DB5D9C}.Release|Any CPU.Build.0 = Release|Any CPU
		{8F591407-1145-41AC-8070-C09FF9DB5D9C}.Release|x64.ActiveCfg = Release|Any CPU
		{8F591407-1145-41AC-8070-C09FF9DB5D9C}.Release|x64.Build.0 = Release|Any CPU
		{8F591407-1145-41AC-8070-C09FF9DB5D9C}.Release|x86.ActiveCfg = Release|Any CPU
		{8F591407-1145-41AC-8070-C09FF9DB5D9C}.Release|x86.Build.0 = Release|Any CPU
	EndGlobalSection
	GlobalSection(SolutionProperties) = preSolution
		HideSolutionNode = FALSE
	EndGlobalSection
	GlobalSection(ExtensibilityGlobals) = postSolution
		SolutionGuid = {6599FC83-B7F2-48AF-A27A-589E0183B814}
	EndGlobalSection
EndGlobal
